// !$*UTF8*$!
{
	archiveVersion = 1;
	classes = {
	};
	objectVersion = 51;
	objects = {

/* Begin PBXBuildFile section */
		236712DF23F0583200E189FF /* Assets.xcassets in Resources */ = {isa = PBXBuildFile; fileRef = 236712DE23F0583200E189FF /* Assets.xcassets */; };
		236712E223F0583200E189FF /* LaunchScreen.storyboard in Resources */ = {isa = PBXBuildFile; fileRef = 236712E023F0583200E189FF /* LaunchScreen.storyboard */; };
		236712ED23F0583300E189FF /* TalulaTests.swift in Sources */ = {isa = PBXBuildFile; fileRef = 236712EC23F0583300E189FF /* TalulaTests.swift */; };
		2367131F23F059C000E189FF /* AppStarter.swift in Sources */ = {isa = PBXBuildFile; fileRef = 2367130123F059BF00E189FF /* AppStarter.swift */; };
		2367132023F059C000E189FF /* BaseView.swift in Sources */ = {isa = PBXBuildFile; fileRef = 2367130223F059BF00E189FF /* BaseView.swift */; };
		2367132123F059C000E189FF /* MasterSectionFooterView.swift in Sources */ = {isa = PBXBuildFile; fileRef = 2367130423F059BF00E189FF /* MasterSectionFooterView.swift */; };
		2367132223F059C000E189FF /* MasterView.swift in Sources */ = {isa = PBXBuildFile; fileRef = 2367130523F059BF00E189FF /* MasterView.swift */; };
		2367132323F059C000E189FF /* MasterViewController.swift in Sources */ = {isa = PBXBuildFile; fileRef = 2367130623F059BF00E189FF /* MasterViewController.swift */; };
		2367132423F059C000E189FF /* MasterDelegateDataSource.swift in Sources */ = {isa = PBXBuildFile; fileRef = 2367130723F059BF00E189FF /* MasterDelegateDataSource.swift */; };
		2367132523F059C000E189FF /* MasterCell.swift in Sources */ = {isa = PBXBuildFile; fileRef = 2367130823F059BF00E189FF /* MasterCell.swift */; };
		2367132623F059C000E189FF /* InformationContactStackView.swift in Sources */ = {isa = PBXBuildFile; fileRef = 2367130A23F059BF00E189FF /* InformationContactStackView.swift */; };
		2367132723F059C000E189FF /* InformationViewController.swift in Sources */ = {isa = PBXBuildFile; fileRef = 2367130B23F059BF00E189FF /* InformationViewController.swift */; };
		2367132823F059C000E189FF /* InformationSmallRowView.swift in Sources */ = {isa = PBXBuildFile; fileRef = 2367130C23F059BF00E189FF /* InformationSmallRowView.swift */; };
		2367132923F059C000E189FF /* InformationBigRowView.swift in Sources */ = {isa = PBXBuildFile; fileRef = 2367130D23F059BF00E189FF /* InformationBigRowView.swift */; };
		2367132A23F059C000E189FF /* InformationIconsStackView.swift in Sources */ = {isa = PBXBuildFile; fileRef = 2367130E23F059BF00E189FF /* InformationIconsStackView.swift */; };
		2367132B23F059C000E189FF /* InformationView.swift in Sources */ = {isa = PBXBuildFile; fileRef = 2367130F23F059BF00E189FF /* InformationView.swift */; };
		2367132C23F059C000E189FF /* DataSync.swift in Sources */ = {isa = PBXBuildFile; fileRef = 2367131023F059BF00E189FF /* DataSync.swift */; };
		2367132D23F059C000E189FF /* DetailView.swift in Sources */ = {isa = PBXBuildFile; fileRef = 2367131223F059BF00E189FF /* DetailView.swift */; };
		2367132E23F059C000E189FF /* DetailViewController.swift in Sources */ = {isa = PBXBuildFile; fileRef = 2367131323F059BF00E189FF /* DetailViewController.swift */; };
		2367132F23F059C000E189FF /* SourceDataDownloader.swift in Sources */ = {isa = PBXBuildFile; fileRef = 2367131523F059BF00E189FF /* SourceDataDownloader.swift */; };
		2367133023F059C000E189FF /* Talula.xcdatamodeld in Sources */ = {isa = PBXBuildFile; fileRef = 2367131623F059BF00E189FF /* Talula.xcdatamodeld */; };
		2367133123F059C000E189FF /* SourceDataSync.swift in Sources */ = {isa = PBXBuildFile; fileRef = 2367131823F059BF00E189FF /* SourceDataSync.swift */; };
		2367133223F059C000E189FF /* Meteorite+CoreDataProperties.swift in Sources */ = {isa = PBXBuildFile; fileRef = 2367131923F059BF00E189FF /* Meteorite+CoreDataProperties.swift */; };
		2367133323F059C000E189FF /* MeteoriteStorage.swift in Sources */ = {isa = PBXBuildFile; fileRef = 2367131A23F059BF00E189FF /* MeteoriteStorage.swift */; };
		2367133423F059C000E189FF /* Meteorite+CoreDataClass.swift in Sources */ = {isa = PBXBuildFile; fileRef = 2367131B23F059BF00E189FF /* Meteorite+CoreDataClass.swift */; };
		2367133523F059C000E189FF /* MeteoriteDataURLFactory.swift in Sources */ = {isa = PBXBuildFile; fileRef = 2367131C23F059BF00E189FF /* MeteoriteDataURLFactory.swift */; };
		2367133623F059C000E189FF /* Constants.swift in Sources */ = {isa = PBXBuildFile; fileRef = 2367131D23F059BF00E189FF /* Constants.swift */; };
		2367133723F059C000E189FF /* CoreDataContainer.swift in Sources */ = {isa = PBXBuildFile; fileRef = 2367131E23F059C000E189FF /* CoreDataContainer.swift */; };
		2367133B23F05D9500E189FF /* SceneDelegate.swift in Sources */ = {isa = PBXBuildFile; fileRef = 2367133A23F05D9500E189FF /* SceneDelegate.swift */; };
		2367133D23F064CB00E189FF /* DataRefreshOperation.swift in Sources */ = {isa = PBXBuildFile; fileRef = 2367133C23F064CB00E189FF /* DataRefreshOperation.swift */; };
		2367133F23F06AE800E189FF /* AppDelegate.swift in Sources */ = {isa = PBXBuildFile; fileRef = 2367133E23F06AE800E189FF /* AppDelegate.swift */; };
		2367134123F06F0200E189FF /* TaskScheduler.swift in Sources */ = {isa = PBXBuildFile; fileRef = 2367134023F06F0200E189FF /* TaskScheduler.swift */; };
		2367137423F19C8400E189FF /* Podfile in Resources */ = {isa = PBXBuildFile; fileRef = 2367137323F19C8400E189FF /* Podfile */; };
		2367137623F19E1B00E189FF /* README.md in Resources */ = {isa = PBXBuildFile; fileRef = 2367137523F19E1B00E189FF /* README.md */; };
		4C96662748FCCB0BA0D57268 /* Pods_Talula.framework in Frameworks */ = {isa = PBXBuildFile; fileRef = 661F5613285450408857D89A /* Pods_Talula.framework */; };
		C3FA3217E262167245FBFD16 /* Pods_TalulaTests.framework in Frameworks */ = {isa = PBXBuildFile; fileRef = AEEF3B876E2F886424BB81A3 /* Pods_TalulaTests.framework */; };
/* End PBXBuildFile section */

/* Begin PBXContainerItemProxy section */
		236712E923F0583300E189FF /* PBXContainerItemProxy */ = {
			isa = PBXContainerItemProxy;
			containerPortal = 236712C723F0583100E189FF /* Project object */;
			proxyType = 1;
			remoteGlobalIDString = 236712CE23F0583200E189FF;
			remoteInfo = Talula;
		};
/* End PBXContainerItemProxy section */

/* Begin PBXFileReference section */
		236712CF23F0583200E189FF /* Talula.app */ = {isa = PBXFileReference; explicitFileType = wrapper.application; includeInIndex = 0; path = Talula.app; sourceTree = BUILT_PRODUCTS_DIR; };
		236712DE23F0583200E189FF /* Assets.xcassets */ = {isa = PBXFileReference; lastKnownFileType = folder.assetcatalog; path = Assets.xcassets; sourceTree = "<group>"; };
		236712E123F0583200E189FF /* Base */ = {isa = PBXFileReference; lastKnownFileType = file.storyboard; name = Base; path = Base.lproj/LaunchScreen.storyboard; sourceTree = "<group>"; };
		236712E323F0583200E189FF /* Info.plist */ = {isa = PBXFileReference; lastKnownFileType = text.plist.xml; path = Info.plist; sourceTree = "<group>"; };
		236712E823F0583300E189FF /* TalulaTests.xctest */ = {isa = PBXFileReference; explicitFileType = wrapper.cfbundle; includeInIndex = 0; path = TalulaTests.xctest; sourceTree = BUILT_PRODUCTS_DIR; };
		236712EC23F0583300E189FF /* TalulaTests.swift */ = {isa = PBXFileReference; lastKnownFileType = sourcecode.swift; path = TalulaTests.swift; sourceTree = "<group>"; };
		236712EE23F0583300E189FF /* Info.plist */ = {isa = PBXFileReference; lastKnownFileType = text.plist.xml; path = Info.plist; sourceTree = "<group>"; };
		2367130123F059BF00E189FF /* AppStarter.swift */ = {isa = PBXFileReference; fileEncoding = 4; lastKnownFileType = sourcecode.swift; path = AppStarter.swift; sourceTree = "<group>"; };
		2367130223F059BF00E189FF /* BaseView.swift */ = {isa = PBXFileReference; fileEncoding = 4; lastKnownFileType = sourcecode.swift; path = BaseView.swift; sourceTree = "<group>"; };
		2367130423F059BF00E189FF /* MasterSectionFooterView.swift */ = {isa = PBXFileReference; fileEncoding = 4; lastKnownFileType = sourcecode.swift; path = MasterSectionFooterView.swift; sourceTree = "<group>"; };
		2367130523F059BF00E189FF /* MasterView.swift */ = {isa = PBXFileReference; fileEncoding = 4; lastKnownFileType = sourcecode.swift; path = MasterView.swift; sourceTree = "<group>"; };
		2367130623F059BF00E189FF /* MasterViewController.swift */ = {isa = PBXFileReference; fileEncoding = 4; lastKnownFileType = sourcecode.swift; path = MasterViewController.swift; sourceTree = "<group>"; };
		2367130723F059BF00E189FF /* MasterDelegateDataSource.swift */ = {isa = PBXFileReference; fileEncoding = 4; lastKnownFileType = sourcecode.swift; path = MasterDelegateDataSource.swift; sourceTree = "<group>"; };
		2367130823F059BF00E189FF /* MasterCell.swift */ = {isa = PBXFileReference; fileEncoding = 4; lastKnownFileType = sourcecode.swift; path = MasterCell.swift; sourceTree = "<group>"; };
		2367130A23F059BF00E189FF /* InformationContactStackView.swift */ = {isa = PBXFileReference; fileEncoding = 4; lastKnownFileType = sourcecode.swift; path = InformationContactStackView.swift; sourceTree = "<group>"; };
		2367130B23F059BF00E189FF /* InformationViewController.swift */ = {isa = PBXFileReference; fileEncoding = 4; lastKnownFileType = sourcecode.swift; path = InformationViewController.swift; sourceTree = "<group>"; };
		2367130C23F059BF00E189FF /* InformationSmallRowView.swift */ = {isa = PBXFileReference; fileEncoding = 4; lastKnownFileType = sourcecode.swift; path = InformationSmallRowView.swift; sourceTree = "<group>"; };
		2367130D23F059BF00E189FF /* InformationBigRowView.swift */ = {isa = PBXFileReference; fileEncoding = 4; lastKnownFileType = sourcecode.swift; path = InformationBigRowView.swift; sourceTree = "<group>"; };
		2367130E23F059BF00E189FF /* InformationIconsStackView.swift */ = {isa = PBXFileReference; fileEncoding = 4; lastKnownFileType = sourcecode.swift; path = InformationIconsStackView.swift; sourceTree = "<group>"; };
		2367130F23F059BF00E189FF /* InformationView.swift */ = {isa = PBXFileReference; fileEncoding = 4; lastKnownFileType = sourcecode.swift; path = InformationView.swift; sourceTree = "<group>"; };
		2367131023F059BF00E189FF /* DataSync.swift */ = {isa = PBXFileReference; fileEncoding = 4; lastKnownFileType = sourcecode.swift; path = DataSync.swift; sourceTree = "<group>"; };
		2367131223F059BF00E189FF /* DetailView.swift */ = {isa = PBXFileReference; fileEncoding = 4; lastKnownFileType = sourcecode.swift; path = DetailView.swift; sourceTree = "<group>"; };
		2367131323F059BF00E189FF /* DetailViewController.swift */ = {isa = PBXFileReference; fileEncoding = 4; lastKnownFileType = sourcecode.swift; path = DetailViewController.swift; sourceTree = "<group>"; };
		2367131523F059BF00E189FF /* SourceDataDownloader.swift */ = {isa = PBXFileReference; fileEncoding = 4; lastKnownFileType = sourcecode.swift; path = SourceDataDownloader.swift; sourceTree = "<group>"; };
		2367131723F059BF00E189FF /* Talula.xcdatamodel */ = {isa = PBXFileReference; lastKnownFileType = wrapper.xcdatamodel; path = Talula.xcdatamodel; sourceTree = "<group>"; };
		2367131823F059BF00E189FF /* SourceDataSync.swift */ = {isa = PBXFileReference; fileEncoding = 4; lastKnownFileType = sourcecode.swift; path = SourceDataSync.swift; sourceTree = "<group>"; };
		2367131923F059BF00E189FF /* Meteorite+CoreDataProperties.swift */ = {isa = PBXFileReference; fileEncoding = 4; lastKnownFileType = sourcecode.swift; path = "Meteorite+CoreDataProperties.swift"; sourceTree = "<group>"; };
		2367131A23F059BF00E189FF /* MeteoriteStorage.swift */ = {isa = PBXFileReference; fileEncoding = 4; lastKnownFileType = sourcecode.swift; path = MeteoriteStorage.swift; sourceTree = "<group>"; };
		2367131B23F059BF00E189FF /* Meteorite+CoreDataClass.swift */ = {isa = PBXFileReference; fileEncoding = 4; lastKnownFileType = sourcecode.swift; path = "Meteorite+CoreDataClass.swift"; sourceTree = "<group>"; };
		2367131C23F059BF00E189FF /* MeteoriteDataURLFactory.swift */ = {isa = PBXFileReference; fileEncoding = 4; lastKnownFileType = sourcecode.swift; path = MeteoriteDataURLFactory.swift; sourceTree = "<group>"; };
		2367131D23F059BF00E189FF /* Constants.swift */ = {isa = PBXFileReference; fileEncoding = 4; lastKnownFileType = sourcecode.swift; path = Constants.swift; sourceTree = "<group>"; };
		2367131E23F059C000E189FF /* CoreDataContainer.swift */ = {isa = PBXFileReference; fileEncoding = 4; lastKnownFileType = sourcecode.swift; path = CoreDataContainer.swift; sourceTree = "<group>"; };
		2367133A23F05D9500E189FF /* SceneDelegate.swift */ = {isa = PBXFileReference; fileEncoding = 4; lastKnownFileType = sourcecode.swift; path = SceneDelegate.swift; sourceTree = "<group>"; };
		2367133C23F064CB00E189FF /* DataRefreshOperation.swift */ = {isa = PBXFileReference; lastKnownFileType = sourcecode.swift; path = DataRefreshOperation.swift; sourceTree = "<group>"; };
		2367133E23F06AE800E189FF /* AppDelegate.swift */ = {isa = PBXFileReference; fileEncoding = 4; lastKnownFileType = sourcecode.swift; path = AppDelegate.swift; sourceTree = "<group>"; };
		2367134023F06F0200E189FF /* TaskScheduler.swift */ = {isa = PBXFileReference; lastKnownFileType = sourcecode.swift; path = TaskScheduler.swift; sourceTree = "<group>"; };
		2367137323F19C8400E189FF /* Podfile */ = {isa = PBXFileReference; fileEncoding = 4; lastKnownFileType = text; path = Podfile; sourceTree = SOURCE_ROOT; };
		2367137523F19E1B00E189FF /* README.md */ = {isa = PBXFileReference; fileEncoding = 4; lastKnownFileType = net.daringfireball.markdown; name = README.md; path = ../../README.md; sourceTree = "<group>"; };
		2634E4E775BD7D0E0A7C2CE2 /* Pods-Talula.debug.xcconfig */ = {isa = PBXFileReference; includeInIndex = 1; lastKnownFileType = text.xcconfig; name = "Pods-Talula.debug.xcconfig"; path = "Target Support Files/Pods-Talula/Pods-Talula.debug.xcconfig"; sourceTree = "<group>"; };
		661F5613285450408857D89A /* Pods_Talula.framework */ = {isa = PBXFileReference; explicitFileType = wrapper.framework; includeInIndex = 0; path = Pods_Talula.framework; sourceTree = BUILT_PRODUCTS_DIR; };
		7341094FBFCD0B08FB376737 /* Pods-TalulaTests.debug.xcconfig */ = {isa = PBXFileReference; includeInIndex = 1; lastKnownFileType = text.xcconfig; name = "Pods-TalulaTests.debug.xcconfig"; path = "Target Support Files/Pods-TalulaTests/Pods-TalulaTests.debug.xcconfig"; sourceTree = "<group>"; };
		857F3A93E32C0F9764905F38 /* Pods-TalulaTests.release.xcconfig */ = {isa = PBXFileReference; includeInIndex = 1; lastKnownFileType = text.xcconfig; name = "Pods-TalulaTests.release.xcconfig"; path = "Target Support Files/Pods-TalulaTests/Pods-TalulaTests.release.xcconfig"; sourceTree = "<group>"; };
		AEEF3B876E2F886424BB81A3 /* Pods_TalulaTests.framework */ = {isa = PBXFileReference; explicitFileType = wrapper.framework; includeInIndex = 0; path = Pods_TalulaTests.framework; sourceTree = BUILT_PRODUCTS_DIR; };
		D7B622A0D0C7D6E402751505 /* Pods-Talula.release.xcconfig */ = {isa = PBXFileReference; includeInIndex = 1; lastKnownFileType = text.xcconfig; name = "Pods-Talula.release.xcconfig"; path = "Target Support Files/Pods-Talula/Pods-Talula.release.xcconfig"; sourceTree = "<group>"; };
/* End PBXFileReference section */

/* Begin PBXFrameworksBuildPhase section */
		236712CC23F0583200E189FF /* Frameworks */ = {
			isa = PBXFrameworksBuildPhase;
			buildActionMask = 2147483647;
			files = (
				4C96662748FCCB0BA0D57268 /* Pods_Talula.framework in Frameworks */,
			);
			runOnlyForDeploymentPostprocessing = 0;
		};
		236712E523F0583300E189FF /* Frameworks */ = {
			isa = PBXFrameworksBuildPhase;
			buildActionMask = 2147483647;
			files = (
				C3FA3217E262167245FBFD16 /* Pods_TalulaTests.framework in Frameworks */,
			);
			runOnlyForDeploymentPostprocessing = 0;
		};
/* End PBXFrameworksBuildPhase section */

/* Begin PBXGroup section */
		0B343F4C281DF1F94FC56F50 /* Pods */ = {
			isa = PBXGroup;
			children = (
				2634E4E775BD7D0E0A7C2CE2 /* Pods-Talula.debug.xcconfig */,
				D7B622A0D0C7D6E402751505 /* Pods-Talula.release.xcconfig */,
				7341094FBFCD0B08FB376737 /* Pods-TalulaTests.debug.xcconfig */,
				857F3A93E32C0F9764905F38 /* Pods-TalulaTests.release.xcconfig */,
			);
			path = Pods;
			sourceTree = "<group>";
		};
		236712C623F0583100E189FF = {
			isa = PBXGroup;
			children = (
				236712D123F0583200E189FF /* Talula */,
				236712EB23F0583300E189FF /* TalulaTests */,
				236712D023F0583200E189FF /* Products */,
				0B343F4C281DF1F94FC56F50 /* Pods */,
				CD0D24650E015B6D8CD8665B /* Frameworks */,
			);
			sourceTree = "<group>";
		};
		236712D023F0583200E189FF /* Products */ = {
			isa = PBXGroup;
			children = (
				236712CF23F0583200E189FF /* Talula.app */,
				236712E823F0583300E189FF /* TalulaTests.xctest */,
			);
			name = Products;
			sourceTree = "<group>";
		};
		236712D123F0583200E189FF /* Talula */ = {
			isa = PBXGroup;
			children = (
				2367137323F19C8400E189FF /* Podfile */,
				2367137523F19E1B00E189FF /* README.md */,
				2367133E23F06AE800E189FF /* AppDelegate.swift */,
				2367133A23F05D9500E189FF /* SceneDelegate.swift */,
				2367130123F059BF00E189FF /* AppStarter.swift */,
				2367134023F06F0200E189FF /* TaskScheduler.swift */,
				2367133C23F064CB00E189FF /* DataRefreshOperation.swift */,
				2367131023F059BF00E189FF /* DataSync.swift */,
				2367131E23F059C000E189FF /* CoreDataContainer.swift */,
				2367130223F059BF00E189FF /* BaseView.swift */,
				2367131D23F059BF00E189FF /* Constants.swift */,
				236712E023F0583200E189FF /* LaunchScreen.storyboard */,
				236712DE23F0583200E189FF /* Assets.xcassets */,
				236712E323F0583200E189FF /* Info.plist */,
				2367130323F059BF00E189FF /* Master */,
				2367131123F059BF00E189FF /* Detail */,
				2367130923F059BF00E189FF /* About */,
				2367131423F059BF00E189FF /* Storage */,
			);
			path = Talula;
			sourceTree = "<group>";
		};
		236712EB23F0583300E189FF /* TalulaTests */ = {
			isa = PBXGroup;
			children = (
				236712EC23F0583300E189FF /* TalulaTests.swift */,
				236712EE23F0583300E189FF /* Info.plist */,
			);
			path = TalulaTests;
			sourceTree = "<group>";
		};
		2367130323F059BF00E189FF /* Master */ = {
			isa = PBXGroup;
			children = (
				2367130423F059BF00E189FF /* MasterSectionFooterView.swift */,
				2367130523F059BF00E189FF /* MasterView.swift */,
				2367130623F059BF00E189FF /* MasterViewController.swift */,
				2367130723F059BF00E189FF /* MasterDelegateDataSource.swift */,
				2367130823F059BF00E189FF /* MasterCell.swift */,
			);
			path = Master;
			sourceTree = "<group>";
		};
		2367130923F059BF00E189FF /* About */ = {
			isa = PBXGroup;
			children = (
				2367130A23F059BF00E189FF /* InformationContactStackView.swift */,
				2367130B23F059BF00E189FF /* InformationViewController.swift */,
				2367130C23F059BF00E189FF /* InformationSmallRowView.swift */,
				2367130D23F059BF00E189FF /* InformationBigRowView.swift */,
				2367130E23F059BF00E189FF /* InformationIconsStackView.swift */,
				2367130F23F059BF00E189FF /* InformationView.swift */,
			);
			path = About;
			sourceTree = "<group>";
		};
		2367131123F059BF00E189FF /* Detail */ = {
			isa = PBXGroup;
			children = (
				2367131223F059BF00E189FF /* DetailView.swift */,
				2367131323F059BF00E189FF /* DetailViewController.swift */,
			);
			path = Detail;
			sourceTree = "<group>";
		};
		2367131423F059BF00E189FF /* Storage */ = {
			isa = PBXGroup;
			children = (
				2367131523F059BF00E189FF /* SourceDataDownloader.swift */,
				2367131623F059BF00E189FF /* Talula.xcdatamodeld */,
				2367131823F059BF00E189FF /* SourceDataSync.swift */,
				2367131923F059BF00E189FF /* Meteorite+CoreDataProperties.swift */,
				2367131A23F059BF00E189FF /* MeteoriteStorage.swift */,
				2367131B23F059BF00E189FF /* Meteorite+CoreDataClass.swift */,
				2367131C23F059BF00E189FF /* MeteoriteDataURLFactory.swift */,
			);
			path = Storage;
			sourceTree = "<group>";
		};
		CD0D24650E015B6D8CD8665B /* Frameworks */ = {
			isa = PBXGroup;
			children = (
				661F5613285450408857D89A /* Pods_Talula.framework */,
				AEEF3B876E2F886424BB81A3 /* Pods_TalulaTests.framework */,
			);
			name = Frameworks;
			sourceTree = "<group>";
		};
/* End PBXGroup section */

/* Begin PBXNativeTarget section */
		236712CE23F0583200E189FF /* Talula */ = {
			isa = PBXNativeTarget;
			buildConfigurationList = 236712F123F0583300E189FF /* Build configuration list for PBXNativeTarget "Talula" */;
			buildPhases = (
				C826FA787BDE8B489067B883 /* [CP] Check Pods Manifest.lock */,
				236712CB23F0583200E189FF /* Sources */,
				236712CC23F0583200E189FF /* Frameworks */,
				236712CD23F0583200E189FF /* Resources */,
				706ED57B0CD095EBFDC5D16F /* [CP] Embed Pods Frameworks */,
			);
			buildRules = (
			);
			dependencies = (
			);
			name = Talula;
			productName = Talula;
			productReference = 236712CF23F0583200E189FF /* Talula.app */;
			productType = "com.apple.product-type.application";
		};
		236712E723F0583300E189FF /* TalulaTests */ = {
			isa = PBXNativeTarget;
			buildConfigurationList = 236712F423F0583300E189FF /* Build configuration list for PBXNativeTarget "TalulaTests" */;
			buildPhases = (
				9EE19DC2C5CAFA30C025EFC2 /* [CP] Check Pods Manifest.lock */,
				236712E423F0583300E189FF /* Sources */,
				236712E523F0583300E189FF /* Frameworks */,
				236712E623F0583300E189FF /* Resources */,
			);
			buildRules = (
			);
			dependencies = (
				236712EA23F0583300E189FF /* PBXTargetDependency */,
			);
			name = TalulaTests;
			productName = TalulaTests;
			productReference = 236712E823F0583300E189FF /* TalulaTests.xctest */;
			productType = "com.apple.product-type.bundle.unit-test";
		};
/* End PBXNativeTarget section */

/* Begin PBXProject section */
		236712C723F0583100E189FF /* Project object */ = {
			isa = PBXProject;
			attributes = {
				LastSwiftUpdateCheck = 1130;
				LastUpgradeCheck = 1130;
				ORGANIZATIONNAME = "Diana Brnovik";
				TargetAttributes = {
					236712CE23F0583200E189FF = {
						CreatedOnToolsVersion = 11.3.1;
					};
					236712E723F0583300E189FF = {
						CreatedOnToolsVersion = 11.3.1;
						TestTargetID = 236712CE23F0583200E189FF;
					};
				};
			};
			buildConfigurationList = 236712CA23F0583100E189FF /* Build configuration list for PBXProject "Talula" */;
			compatibilityVersion = "Xcode 9.3";
			developmentRegion = en;
			hasScannedForEncodings = 0;
			knownRegions = (
				en,
				Base,
			);
			mainGroup = 236712C623F0583100E189FF;
			productRefGroup = 236712D023F0583200E189FF /* Products */;
			projectDirPath = "";
			projectRoot = "";
			targets = (
				236712CE23F0583200E189FF /* Talula */,
				236712E723F0583300E189FF /* TalulaTests */,
			);
		};
/* End PBXProject section */

/* Begin PBXResourcesBuildPhase section */
		236712CD23F0583200E189FF /* Resources */ = {
			isa = PBXResourcesBuildPhase;
			buildActionMask = 2147483647;
			files = (
				2367137423F19C8400E189FF /* Podfile in Resources */,
				236712E223F0583200E189FF /* LaunchScreen.storyboard in Resources */,
				2367137623F19E1B00E189FF /* README.md in Resources */,
				236712DF23F0583200E189FF /* Assets.xcassets in Resources */,
			);
			runOnlyForDeploymentPostprocessing = 0;
		};
		236712E623F0583300E189FF /* Resources */ = {
			isa = PBXResourcesBuildPhase;
			buildActionMask = 2147483647;
			files = (
			);
			runOnlyForDeploymentPostprocessing = 0;
		};
/* End PBXResourcesBuildPhase section */

/* Begin PBXShellScriptBuildPhase section */
		706ED57B0CD095EBFDC5D16F /* [CP] Embed Pods Frameworks */ = {
			isa = PBXShellScriptBuildPhase;
			buildActionMask = 2147483647;
			files = (
			);
			inputFileListPaths = (
				"${PODS_ROOT}/Target Support Files/Pods-Talula/Pods-Talula-frameworks-${CONFIGURATION}-input-files.xcfilelist",
			);
			name = "[CP] Embed Pods Frameworks";
			outputFileListPaths = (
				"${PODS_ROOT}/Target Support Files/Pods-Talula/Pods-Talula-frameworks-${CONFIGURATION}-output-files.xcfilelist",
			);
			runOnlyForDeploymentPostprocessing = 0;
			shellPath = /bin/sh;
			shellScript = "\"${PODS_ROOT}/Target Support Files/Pods-Talula/Pods-Talula-frameworks.sh\"\n";
			showEnvVarsInLog = 0;
		};
		9EE19DC2C5CAFA30C025EFC2 /* [CP] Check Pods Manifest.lock */ = {
			isa = PBXShellScriptBuildPhase;
			buildActionMask = 2147483647;
			files = (
			);
			inputFileListPaths = (
			);
			inputPaths = (
				"${PODS_PODFILE_DIR_PATH}/Podfile.lock",
				"${PODS_ROOT}/Manifest.lock",
			);
			name = "[CP] Check Pods Manifest.lock";
			outputFileListPaths = (
			);
			outputPaths = (
				"$(DERIVED_FILE_DIR)/Pods-TalulaTests-checkManifestLockResult.txt",
			);
			runOnlyForDeploymentPostprocessing = 0;
			shellPath = /bin/sh;
			shellScript = "diff \"${PODS_PODFILE_DIR_PATH}/Podfile.lock\" \"${PODS_ROOT}/Manifest.lock\" > /dev/null\nif [ $? != 0 ] ; then\n    # print error to STDERR\n    echo \"error: The sandbox is not in sync with the Podfile.lock. Run 'pod install' or update your CocoaPods installation.\" >&2\n    exit 1\nfi\n# This output is used by Xcode 'outputs' to avoid re-running this script phase.\necho \"SUCCESS\" > \"${SCRIPT_OUTPUT_FILE_0}\"\n";
			showEnvVarsInLog = 0;
		};
		C826FA787BDE8B489067B883 /* [CP] Check Pods Manifest.lock */ = {
			isa = PBXShellScriptBuildPhase;
			buildActionMask = 2147483647;
			files = (
			);
			inputFileListPaths = (
			);
			inputPaths = (
				"${PODS_PODFILE_DIR_PATH}/Podfile.lock",
				"${PODS_ROOT}/Manifest.lock",
			);
			name = "[CP] Check Pods Manifest.lock";
			outputFileListPaths = (
			);
			outputPaths = (
				"$(DERIVED_FILE_DIR)/Pods-Talula-checkManifestLockResult.txt",
			);
			runOnlyForDeploymentPostprocessing = 0;
			shellPath = /bin/sh;
			shellScript = "diff \"${PODS_PODFILE_DIR_PATH}/Podfile.lock\" \"${PODS_ROOT}/Manifest.lock\" > /dev/null\nif [ $? != 0 ] ; then\n    # print error to STDERR\n    echo \"error: The sandbox is not in sync with the Podfile.lock. Run 'pod install' or update your CocoaPods installation.\" >&2\n    exit 1\nfi\n# This output is used by Xcode 'outputs' to avoid re-running this script phase.\necho \"SUCCESS\" > \"${SCRIPT_OUTPUT_FILE_0}\"\n";
			showEnvVarsInLog = 0;
		};
/* End PBXShellScriptBuildPhase section */

/* Begin PBXSourcesBuildPhase section */
		236712CB23F0583200E189FF /* Sources */ = {
			isa = PBXSourcesBuildPhase;
			buildActionMask = 2147483647;
			files = (
				2367134123F06F0200E189FF /* TaskScheduler.swift in Sources */,
				2367132C23F059C000E189FF /* DataSync.swift in Sources */,
				2367132B23F059C000E189FF /* InformationView.swift in Sources */,
				2367133023F059C000E189FF /* Talula.xcdatamodeld in Sources */,
				2367132D23F059C000E189FF /* DetailView.swift in Sources */,
				2367133F23F06AE800E189FF /* AppDelegate.swift in Sources */,
				2367133223F059C000E189FF /* Meteorite+CoreDataProperties.swift in Sources */,
				2367133723F059C000E189FF /* CoreDataContainer.swift in Sources */,
				2367132223F059C000E189FF /* MasterView.swift in Sources */,
				2367132723F059C000E189FF /* InformationViewController.swift in Sources */,
				2367133623F059C000E189FF /* Constants.swift in Sources */,
				2367133D23F064CB00E189FF /* DataRefreshOperation.swift in Sources */,
				2367133523F059C000E189FF /* MeteoriteDataURLFactory.swift in Sources */,
				2367133B23F05D9500E189FF /* SceneDelegate.swift in Sources */,
				2367132423F059C000E189FF /* MasterDelegateDataSource.swift in Sources */,
				2367132A23F059C000E189FF /* InformationIconsStackView.swift in Sources */,
				2367132E23F059C000E189FF /* DetailViewController.swift in Sources */,
				2367132923F059C000E189FF /* InformationBigRowView.swift in Sources */,
				2367131F23F059C000E189FF /* AppStarter.swift in Sources */,
				2367132823F059C000E189FF /* InformationSmallRowView.swift in Sources */,
				2367133323F059C000E189FF /* MeteoriteStorage.swift in Sources */,
				2367132123F059C000E189FF /* MasterSectionFooterView.swift in Sources */,
				2367133123F059C000E189FF /* SourceDataSync.swift in Sources */,
				2367133423F059C000E189FF /* Meteorite+CoreDataClass.swift in Sources */,
				2367132523F059C000E189FF /* MasterCell.swift in Sources */,
				2367132623F059C000E189FF /* InformationContactStackView.swift in Sources */,
				2367132323F059C000E189FF /* MasterViewController.swift in Sources */,
				2367132F23F059C000E189FF /* SourceDataDownloader.swift in Sources */,
				2367132023F059C000E189FF /* BaseView.swift in Sources */,
			);
			runOnlyForDeploymentPostprocessing = 0;
		};
		236712E423F0583300E189FF /* Sources */ = {
			isa = PBXSourcesBuildPhase;
			buildActionMask = 2147483647;
			files = (
				236712ED23F0583300E189FF /* TalulaTests.swift in Sources */,
			);
			runOnlyForDeploymentPostprocessing = 0;
		};
/* End PBXSourcesBuildPhase section */

/* Begin PBXTargetDependency section */
		236712EA23F0583300E189FF /* PBXTargetDependency */ = {
			isa = PBXTargetDependency;
			target = 236712CE23F0583200E189FF /* Talula */;
			targetProxy = 236712E923F0583300E189FF /* PBXContainerItemProxy */;
		};
/* End PBXTargetDependency section */

/* Begin PBXVariantGroup section */
		236712E023F0583200E189FF /* LaunchScreen.storyboard */ = {
			isa = PBXVariantGroup;
			children = (
				236712E123F0583200E189FF /* Base */,
			);
			name = LaunchScreen.storyboard;
			sourceTree = "<group>";
		};
/* End PBXVariantGroup section */

/* Begin XCBuildConfiguration section */
		236712EF23F0583300E189FF /* Debug */ = {
			isa = XCBuildConfiguration;
			buildSettings = {
				ALWAYS_SEARCH_USER_PATHS = NO;
				CLANG_ANALYZER_NONNULL = YES;
				CLANG_ANALYZER_NUMBER_OBJECT_CONVERSION = YES_AGGRESSIVE;
				CLANG_CXX_LANGUAGE_STANDARD = "gnu++14";
				CLANG_CXX_LIBRARY = "libc++";
				CLANG_ENABLE_MODULES = YES;
				CLANG_ENABLE_OBJC_ARC = YES;
				CLANG_ENABLE_OBJC_WEAK = YES;
				CLANG_WARN_BLOCK_CAPTURE_AUTORELEASING = YES;
				CLANG_WARN_BOOL_CONVERSION = YES;
				CLANG_WARN_COMMA = YES;
				CLANG_WARN_CONSTANT_CONVERSION = YES;
				CLANG_WARN_DEPRECATED_OBJC_IMPLEMENTATIONS = YES;
				CLANG_WARN_DIRECT_OBJC_ISA_USAGE = YES_ERROR;
				CLANG_WARN_DOCUMENTATION_COMMENTS = YES;
				CLANG_WARN_EMPTY_BODY = YES;
				CLANG_WARN_ENUM_CONVERSION = YES;
				CLANG_WARN_INFINITE_RECURSION = YES;
				CLANG_WARN_INT_CONVERSION = YES;
				CLANG_WARN_NON_LITERAL_NULL_CONVERSION = YES;
				CLANG_WARN_OBJC_IMPLICIT_RETAIN_SELF = YES;
				CLANG_WARN_OBJC_LITERAL_CONVERSION = YES;
				CLANG_WARN_OBJC_ROOT_CLASS = YES_ERROR;
				CLANG_WARN_RANGE_LOOP_ANALYSIS = YES;
				CLANG_WARN_STRICT_PROTOTYPES = YES;
				CLANG_WARN_SUSPICIOUS_MOVE = YES;
				CLANG_WARN_UNGUARDED_AVAILABILITY = YES_AGGRESSIVE;
				CLANG_WARN_UNREACHABLE_CODE = YES;
				CLANG_WARN__DUPLICATE_METHOD_MATCH = YES;
				COPY_PHASE_STRIP = NO;
				DEBUG_INFORMATION_FORMAT = dwarf;
				ENABLE_STRICT_OBJC_MSGSEND = YES;
				ENABLE_TESTABILITY = YES;
				GCC_C_LANGUAGE_STANDARD = gnu11;
				GCC_DYNAMIC_NO_PIC = NO;
				GCC_NO_COMMON_BLOCKS = YES;
				GCC_OPTIMIZATION_LEVEL = 0;
				GCC_PREPROCESSOR_DEFINITIONS = (
					"DEBUG=1",
					"$(inherited)",
				);
				GCC_WARN_64_TO_32_BIT_CONVERSION = YES;
				GCC_WARN_ABOUT_RETURN_TYPE = YES_ERROR;
				GCC_WARN_UNDECLARED_SELECTOR = YES;
				GCC_WARN_UNINITIALIZED_AUTOS = YES_AGGRESSIVE;
				GCC_WARN_UNUSED_FUNCTION = YES;
				GCC_WARN_UNUSED_VARIABLE = YES;
				IPHONEOS_DEPLOYMENT_TARGET = 13.0;
				MTL_ENABLE_DEBUG_INFO = INCLUDE_SOURCE;
				MTL_FAST_MATH = YES;
				ONLY_ACTIVE_ARCH = YES;
				SDKROOT = iphoneos;
				SWIFT_ACTIVE_COMPILATION_CONDITIONS = DEBUG;
				SWIFT_OPTIMIZATION_LEVEL = "-Onone";
			};
			name = Debug;
		};
		236712F023F0583300E189FF /* Release */ = {
			isa = XCBuildConfiguration;
			buildSettings = {
				ALWAYS_SEARCH_USER_PATHS = NO;
				CLANG_ANALYZER_NONNULL = YES;
				CLANG_ANALYZER_NUMBER_OBJECT_CONVERSION = YES_AGGRESSIVE;
				CLANG_CXX_LANGUAGE_STANDARD = "gnu++14";
				CLANG_CXX_LIBRARY = "libc++";
				CLANG_ENABLE_MODULES = YES;
				CLANG_ENABLE_OBJC_ARC = YES;
				CLANG_ENABLE_OBJC_WEAK = YES;
				CLANG_WARN_BLOCK_CAPTURE_AUTORELEASING = YES;
				CLANG_WARN_BOOL_CONVERSION = YES;
				CLANG_WARN_COMMA = YES;
				CLANG_WARN_CONSTANT_CONVERSION = YES;
				CLANG_WARN_DEPRECATED_OBJC_IMPLEMENTATIONS = YES;
				CLANG_WARN_DIRECT_OBJC_ISA_USAGE = YES_ERROR;
				CLANG_WARN_DOCUMENTATION_COMMENTS = YES;
				CLANG_WARN_EMPTY_BODY = YES;
				CLANG_WARN_ENUM_CONVERSION = YES;
				CLANG_WARN_INFINITE_RECURSION = YES;
				CLANG_WARN_INT_CONVERSION = YES;
				CLANG_WARN_NON_LITERAL_NULL_CONVERSION = YES;
				CLANG_WARN_OBJC_IMPLICIT_RETAIN_SELF = YES;
				CLANG_WARN_OBJC_LITERAL_CONVERSION = YES;
				CLANG_WARN_OBJC_ROOT_CLASS = YES_ERROR;
				CLANG_WARN_RANGE_LOOP_ANALYSIS = YES;
				CLANG_WARN_STRICT_PROTOTYPES = YES;
				CLANG_WARN_SUSPICIOUS_MOVE = YES;
				CLANG_WARN_UNGUARDED_AVAILABILITY = YES_AGGRESSIVE;
				CLANG_WARN_UNREACHABLE_CODE = YES;
				CLANG_WARN__DUPLICATE_METHOD_MATCH = YES;
				COPY_PHASE_STRIP = NO;
				DEBUG_INFORMATION_FORMAT = "dwarf-with-dsym";
				ENABLE_NS_ASSERTIONS = NO;
				ENABLE_STRICT_OBJC_MSGSEND = YES;
				GCC_C_LANGUAGE_STANDARD = gnu11;
				GCC_NO_COMMON_BLOCKS = YES;
				GCC_WARN_64_TO_32_BIT_CONVERSION = YES;
				GCC_WARN_ABOUT_RETURN_TYPE = YES_ERROR;
				GCC_WARN_UNDECLARED_SELECTOR = YES;
				GCC_WARN_UNINITIALIZED_AUTOS = YES_AGGRESSIVE;
				GCC_WARN_UNUSED_FUNCTION = YES;
				GCC_WARN_UNUSED_VARIABLE = YES;
				IPHONEOS_DEPLOYMENT_TARGET = 13.0;
				MTL_ENABLE_DEBUG_INFO = NO;
				MTL_FAST_MATH = YES;
				SDKROOT = iphoneos;
				SWIFT_COMPILATION_MODE = wholemodule;
				SWIFT_OPTIMIZATION_LEVEL = "-O";
				VALIDATE_PRODUCT = YES;
			};
			name = Release;
		};
		236712F223F0583300E189FF /* Debug */ = {
			isa = XCBuildConfiguration;
			baseConfigurationReference = 2634E4E775BD7D0E0A7C2CE2 /* Pods-Talula.debug.xcconfig */;
			buildSettings = {
				ASSETCATALOG_COMPILER_APPICON_NAME = AppIcon;
				CODE_SIGN_STYLE = Automatic;
				DEVELOPMENT_TEAM = AYSUFL54D5;
				INFOPLIST_FILE = Talula/Info.plist;
				LD_RUNPATH_SEARCH_PATHS = (
					"$(inherited)",
					"@executable_path/Frameworks",
				);
				PRODUCT_BUNDLE_IDENTIFIER = cz.xbrnovik.Talula;
				PRODUCT_NAME = "$(TARGET_NAME)";
				SWIFT_VERSION = 5.0;
				TARGETED_DEVICE_FAMILY = 1;
			};
			name = Debug;
		};
		236712F323F0583300E189FF /* Release */ = {
			isa = XCBuildConfiguration;
			baseConfigurationReference = D7B622A0D0C7D6E402751505 /* Pods-Talula.release.xcconfig */;
			buildSettings = {
				ASSETCATALOG_COMPILER_APPICON_NAME = AppIcon;
				CODE_SIGN_STYLE = Automatic;
				DEVELOPMENT_TEAM = AYSUFL54D5;
				INFOPLIST_FILE = Talula/Info.plist;
				LD_RUNPATH_SEARCH_PATHS = (
					"$(inherited)",
					"@executable_path/Frameworks",
				);
				PRODUCT_BUNDLE_IDENTIFIER = cz.xbrnovik.Talula;
				PRODUCT_NAME = "$(TARGET_NAME)";
				SWIFT_VERSION = 5.0;
				TARGETED_DEVICE_FAMILY = 1;
			};
			name = Release;
		};
		236712F523F0583300E189FF /* Debug */ = {
			isa = XCBuildConfiguration;
			baseConfigurationReference = 7341094FBFCD0B08FB376737 /* Pods-TalulaTests.debug.xcconfig */;
			buildSettings = {
				ALWAYS_EMBED_SWIFT_STANDARD_LIBRARIES = YES;
				BUNDLE_LOADER = "$(TEST_HOST)";
				CODE_SIGN_STYLE = Automatic;
				DEVELOPMENT_TEAM = AYSUFL54D5;
				INFOPLIST_FILE = TalulaTests/Info.plist;
				IPHONEOS_DEPLOYMENT_TARGET = 13.2;
				LD_RUNPATH_SEARCH_PATHS = (
					"$(inherited)",
					"@executable_path/Frameworks",
					"@loader_path/Frameworks",
				);
				PRODUCT_BUNDLE_IDENTIFIER = cz.xbrnovik.TalulaTests;
				PRODUCT_NAME = "$(TARGET_NAME)";
				SWIFT_VERSION = 5.0;
				TARGETED_DEVICE_FAMILY = "1,2";
				TEST_HOST = "$(BUILT_PRODUCTS_DIR)/Talula.app/Talula";
			};
			name = Debug;
		};
		236712F623F0583300E189FF /* Release */ = {
			isa = XCBuildConfiguration;
			baseConfigurationReference = 857F3A93E32C0F9764905F38 /* Pods-TalulaTests.release.xcconfig */;
			buildSettings = {
				ALWAYS_EMBED_SWIFT_STANDARD_LIBRARIES = YES;
				BUNDLE_LOADER = "$(TEST_HOST)";
				CODE_SIGN_STYLE = Automatic;
				DEVELOPMENT_TEAM = AYSUFL54D5;
				INFOPLIST_FILE = TalulaTests/Info.plist;
				IPHONEOS_DEPLOYMENT_TARGET = 13.2;
				LD_RUNPATH_SEARCH_PATHS = (
					"$(inherited)",
					"@executable_path/Frameworks",
					"@loader_path/Frameworks",
				);
				PRODUCT_BUNDLE_IDENTIFIER = cz.xbrnovik.TalulaTests;
				PRODUCT_NAME = "$(TARGET_NAME)";
				SWIFT_VERSION = 5.0;
				TARGETED_DEVICE_FAMILY = "1,2";
				TEST_HOST = "$(BUILT_PRODUCTS_DIR)/Talula.app/Talula";
			};
			name = Release;
		};
/* End XCBuildConfiguration section */

/* Begin XCConfigurationList section */
		236712CA23F0583100E189FF /* Build configuration list for PBXProject "Talula" */ = {
			isa = XCConfigurationList;
			buildConfigurations = (
				236712EF23F0583300E189FF /* Debug */,
				236712F023F0583300E189FF /* Release */,
			);
			defaultConfigurationIsVisible = 0;
			defaultConfigurationName = Release;
		};
		236712F123F0583300E189FF /* Build configuration list for PBXNativeTarget "Talula" */ = {
			isa = XCConfigurationList;
			buildConfigurations = (
				236712F223F0583300E189FF /* Debug */,
				236712F323F0583300E189FF /* Release */,
			);
			defaultConfigurationIsVisible = 0;
			defaultConfigurationName = Release;
		};
		236712F423F0583300E189FF /* Build configuration list for PBXNativeTarget "TalulaTests" */ = {
			isa = XCConfigurationList;
			buildConfigurations = (
				236712F523F0583300E189FF /* Debug */,
				236712F623F0583300E189FF /* Release */,
			);
			defaultConfigurationIsVisible = 0;
			defaultConfigurationName = Release;
		};
/* End XCConfigurationList section */

/* Begin XCVersionGroup section */
		2367131623F059BF00E189FF /* Talula.xcdatamodeld */ = {
			isa = XCVersionGroup;
			children = (
				2367131723F059BF00E189FF /* Talula.xcdatamodel */,
			);
			currentVersion = 2367131723F059BF00E189FF /* Talula.xcdatamodel */;
			path = Talula.xcdatamodeld;
			sourceTree = "<group>";
			versionGroupType = wrapper.xcdatamodel;
		};
/* End XCVersionGroup section */
	};
	rootObject = 236712C723F0583100E189FF /* Project object */;
}
