// !$*UTF8*$!
{
	archiveVersion = 1;
	classes = {
	};
	objectVersion = 50;
	objects = {

/* Begin PBXBuildFile section */
		2304FA0F2201EC8000285E27 /* Meteorite+CoreDataClass.swift in Sources */ = {isa = PBXBuildFile; fileRef = 2304FA0D2201EC8000285E27 /* Meteorite+CoreDataClass.swift */; };
		2304FA102201EC8000285E27 /* Meteorite+CoreDataProperties.swift in Sources */ = {isa = PBXBuildFile; fileRef = 2304FA0E2201EC8000285E27 /* Meteorite+CoreDataProperties.swift */; };
		2321F9C92201AC61005A5000 /* BaseView.swift in Sources */ = {isa = PBXBuildFile; fileRef = 2321F9C82201AC61005A5000 /* BaseView.swift */; };
		2321F9CD2201ACAC005A5000 /* MasterViewController.swift in Sources */ = {isa = PBXBuildFile; fileRef = 2321F9CC2201ACAC005A5000 /* MasterViewController.swift */; };
		2321F9CF2201B00E005A5000 /* MasterView.swift in Sources */ = {isa = PBXBuildFile; fileRef = 2321F9CE2201B00E005A5000 /* MasterView.swift */; };
		2321F9D12201B0A2005A5000 /* MasterDelegateDataSource.swift in Sources */ = {isa = PBXBuildFile; fileRef = 2321F9D02201B0A2005A5000 /* MasterDelegateDataSource.swift */; };
		2321F9D32201B2FF005A5000 /* MasterCell.swift in Sources */ = {isa = PBXBuildFile; fileRef = 2321F9D22201B2FF005A5000 /* MasterCell.swift */; };
		2321F9D52201B667005A5000 /* Constants.swift in Sources */ = {isa = PBXBuildFile; fileRef = 2321F9D42201B667005A5000 /* Constants.swift */; };
		233409CC2201A9B90030C269 /* AppDelegate.swift in Sources */ = {isa = PBXBuildFile; fileRef = 233409CB2201A9B90030C269 /* AppDelegate.swift */; };
		233409CE2201A9B90030C269 /* DetailViewController.swift in Sources */ = {isa = PBXBuildFile; fileRef = 233409CD2201A9B90030C269 /* DetailViewController.swift */; };
		233409D62201A9BA0030C269 /* LaunchScreen.storyboard in Resources */ = {isa = PBXBuildFile; fileRef = 233409D42201A9BA0030C269 /* LaunchScreen.storyboard */; };
		233409E12201A9BA0030C269 /* TalulaTests.swift in Sources */ = {isa = PBXBuildFile; fileRef = 233409E02201A9BA0030C269 /* TalulaTests.swift */; };
		237362222207B9F50087C60D /* Podfile in Resources */ = {isa = PBXBuildFile; fileRef = 237362212207B9F50087C60D /* Podfile */; };
		237362242207BD060087C60D /* IconAuthors.txt in Resources */ = {isa = PBXBuildFile; fileRef = 237362232207BD060087C60D /* IconAuthors.txt */; };
		237865972206009D00853EE3 /* Assets.xcassets in Resources */ = {isa = PBXBuildFile; fileRef = 237865962206009D00853EE3 /* Assets.xcassets */; };
		2378659B22062E7500853EE3 /* README.md in Resources */ = {isa = PBXBuildFile; fileRef = 2378659A22062E7400853EE3 /* README.md */; };
		2378659F22065E7000853EE3 /* InformationViewController.swift in Sources */ = {isa = PBXBuildFile; fileRef = 2378659E22065E7000853EE3 /* InformationViewController.swift */; };
		237865A122065E7F00853EE3 /* InformationView.swift in Sources */ = {isa = PBXBuildFile; fileRef = 237865A022065E7F00853EE3 /* InformationView.swift */; };
		237865A422065FA700853EE3 /* InformationBigRowView.swift in Sources */ = {isa = PBXBuildFile; fileRef = 237865A322065FA700853EE3 /* InformationBigRowView.swift */; };
		237865A62206621800853EE3 /* InformationIconsStackView.swift in Sources */ = {isa = PBXBuildFile; fileRef = 237865A52206621800853EE3 /* InformationIconsStackView.swift */; };
		237865A82206622700853EE3 /* InformationContactStackView.swift in Sources */ = {isa = PBXBuildFile; fileRef = 237865A72206622700853EE3 /* InformationContactStackView.swift */; };
		237865AA22066AC800853EE3 /* MasterSectionFooterView.swift in Sources */ = {isa = PBXBuildFile; fileRef = 237865A922066AC800853EE3 /* MasterSectionFooterView.swift */; };
		237865AC220671EE00853EE3 /* InformationSmallRowView.swift in Sources */ = {isa = PBXBuildFile; fileRef = 237865AB220671EE00853EE3 /* InformationSmallRowView.swift */; };
		237865B02207384A00853EE3 /* MeteoriteDataURLFactory.swift in Sources */ = {isa = PBXBuildFile; fileRef = 237865AF2207384A00853EE3 /* MeteoriteDataURLFactory.swift */; };
		2384C6132201D3D7005CDE9D /* AppStarter.swift in Sources */ = {isa = PBXBuildFile; fileRef = 2384C6122201D3D7005CDE9D /* AppStarter.swift */; };
		2384C6152201D944005CDE9D /* DetailView.swift in Sources */ = {isa = PBXBuildFile; fileRef = 2384C6142201D944005CDE9D /* DetailView.swift */; };
		2384C6182201E3A2005CDE9D /* Talula.xcdatamodeld in Sources */ = {isa = PBXBuildFile; fileRef = 2384C6162201E3A2005CDE9D /* Talula.xcdatamodeld */; };
		2384C61A2201E42F005CDE9D /* MeteoriteStorage.swift in Sources */ = {isa = PBXBuildFile; fileRef = 2384C6192201E42F005CDE9D /* MeteoriteStorage.swift */; };
		23C8D9C9220225780000B4FD /* SourceDataDownloader.swift in Sources */ = {isa = PBXBuildFile; fileRef = 23C8D9C8220225780000B4FD /* SourceDataDownloader.swift */; };
		23C8D9CB220226C30000B4FD /* SourceDataSync.swift in Sources */ = {isa = PBXBuildFile; fileRef = 23C8D9CA220226C30000B4FD /* SourceDataSync.swift */; };
		23C8D9CD220246DE0000B4FD /* CoreDataContainer.swift in Sources */ = {isa = PBXBuildFile; fileRef = 23C8D9CC220246DD0000B4FD /* CoreDataContainer.swift */; };
		23C8D9CF220343FE0000B4FD /* DataSync.swift in Sources */ = {isa = PBXBuildFile; fileRef = 23C8D9CE220343FE0000B4FD /* DataSync.swift */; };
		6B411A973E53A0D16870F23C /* Pods_Talula.framework in Frameworks */ = {isa = PBXBuildFile; fileRef = 005BDD46A75274AAC9D5D612 /* Pods_Talula.framework */; };
		D1073FC182EDD9FCBD7D5C4A /* Pods_TalulaTests.framework in Frameworks */ = {isa = PBXBuildFile; fileRef = D7171D1B861DE957A8F5532C /* Pods_TalulaTests.framework */; };
/* End PBXBuildFile section */

/* Begin PBXContainerItemProxy section */
		233409DD2201A9BA0030C269 /* PBXContainerItemProxy */ = {
			isa = PBXContainerItemProxy;
			containerPortal = 233409C02201A9B90030C269 /* Project object */;
			proxyType = 1;
			remoteGlobalIDString = 233409C72201A9B90030C269;
			remoteInfo = Talula;
		};
/* End PBXContainerItemProxy section */

/* Begin PBXFileReference section */
		005BDD46A75274AAC9D5D612 /* Pods_Talula.framework */ = {isa = PBXFileReference; explicitFileType = wrapper.framework; includeInIndex = 0; path = Pods_Talula.framework; sourceTree = BUILT_PRODUCTS_DIR; };
		2304FA0D2201EC8000285E27 /* Meteorite+CoreDataClass.swift */ = {isa = PBXFileReference; lastKnownFileType = sourcecode.swift; path = "Meteorite+CoreDataClass.swift"; sourceTree = "<group>"; };
		2304FA0E2201EC8000285E27 /* Meteorite+CoreDataProperties.swift */ = {isa = PBXFileReference; lastKnownFileType = sourcecode.swift; path = "Meteorite+CoreDataProperties.swift"; sourceTree = "<group>"; };
		2321F9C82201AC61005A5000 /* BaseView.swift */ = {isa = PBXFileReference; lastKnownFileType = sourcecode.swift; path = BaseView.swift; sourceTree = "<group>"; };
		2321F9CC2201ACAC005A5000 /* MasterViewController.swift */ = {isa = PBXFileReference; lastKnownFileType = sourcecode.swift; path = MasterViewController.swift; sourceTree = "<group>"; };
		2321F9CE2201B00E005A5000 /* MasterView.swift */ = {isa = PBXFileReference; lastKnownFileType = sourcecode.swift; path = MasterView.swift; sourceTree = "<group>"; };
		2321F9D02201B0A2005A5000 /* MasterDelegateDataSource.swift */ = {isa = PBXFileReference; lastKnownFileType = sourcecode.swift; path = MasterDelegateDataSource.swift; sourceTree = "<group>"; };
		2321F9D22201B2FF005A5000 /* MasterCell.swift */ = {isa = PBXFileReference; lastKnownFileType = sourcecode.swift; path = MasterCell.swift; sourceTree = "<group>"; };
		2321F9D42201B667005A5000 /* Constants.swift */ = {isa = PBXFileReference; lastKnownFileType = sourcecode.swift; path = Constants.swift; sourceTree = "<group>"; };
		233409C82201A9B90030C269 /* Talula.app */ = {isa = PBXFileReference; explicitFileType = wrapper.application; includeInIndex = 0; path = Talula.app; sourceTree = BUILT_PRODUCTS_DIR; };
		233409CB2201A9B90030C269 /* AppDelegate.swift */ = {isa = PBXFileReference; lastKnownFileType = sourcecode.swift; path = AppDelegate.swift; sourceTree = "<group>"; };
		233409CD2201A9B90030C269 /* DetailViewController.swift */ = {isa = PBXFileReference; lastKnownFileType = sourcecode.swift; path = DetailViewController.swift; sourceTree = "<group>"; };
		233409D52201A9BA0030C269 /* Base */ = {isa = PBXFileReference; lastKnownFileType = file.storyboard; name = Base; path = Base.lproj/LaunchScreen.storyboard; sourceTree = "<group>"; };
		233409D72201A9BA0030C269 /* Info.plist */ = {isa = PBXFileReference; lastKnownFileType = text.plist.xml; path = Info.plist; sourceTree = "<group>"; };
		233409DC2201A9BA0030C269 /* TalulaTests.xctest */ = {isa = PBXFileReference; explicitFileType = wrapper.cfbundle; includeInIndex = 0; path = TalulaTests.xctest; sourceTree = BUILT_PRODUCTS_DIR; };
		233409E02201A9BA0030C269 /* TalulaTests.swift */ = {isa = PBXFileReference; lastKnownFileType = sourcecode.swift; path = TalulaTests.swift; sourceTree = "<group>"; };
		233409E22201A9BA0030C269 /* Info.plist */ = {isa = PBXFileReference; lastKnownFileType = text.plist.xml; path = Info.plist; sourceTree = "<group>"; };
		237362212207B9F50087C60D /* Podfile */ = {isa = PBXFileReference; fileEncoding = 4; lastKnownFileType = text; path = Podfile; sourceTree = SOURCE_ROOT; xcLanguageSpecificationIdentifier = xcode.lang.ruby; };
		237362232207BD060087C60D /* IconAuthors.txt */ = {isa = PBXFileReference; fileEncoding = 4; lastKnownFileType = text; path = IconAuthors.txt; sourceTree = SOURCE_ROOT; };
		237865962206009D00853EE3 /* Assets.xcassets */ = {isa = PBXFileReference; lastKnownFileType = folder.assetcatalog; path = Assets.xcassets; sourceTree = "<group>"; };
		2378659A22062E7400853EE3 /* README.md */ = {isa = PBXFileReference; fileEncoding = 4; lastKnownFileType = net.daringfireball.markdown; path = README.md; sourceTree = SOURCE_ROOT; };
		2378659E22065E7000853EE3 /* InformationViewController.swift */ = {isa = PBXFileReference; lastKnownFileType = sourcecode.swift; path = InformationViewController.swift; sourceTree = "<group>"; };
		237865A022065E7F00853EE3 /* InformationView.swift */ = {isa = PBXFileReference; lastKnownFileType = sourcecode.swift; path = InformationView.swift; sourceTree = "<group>"; };
		237865A322065FA700853EE3 /* InformationBigRowView.swift */ = {isa = PBXFileReference; lastKnownFileType = sourcecode.swift; path = InformationBigRowView.swift; sourceTree = "<group>"; };
		237865A52206621800853EE3 /* InformationIconsStackView.swift */ = {isa = PBXFileReference; lastKnownFileType = sourcecode.swift; path = InformationIconsStackView.swift; sourceTree = "<group>"; };
		237865A72206622700853EE3 /* InformationContactStackView.swift */ = {isa = PBXFileReference; lastKnownFileType = sourcecode.swift; path = InformationContactStackView.swift; sourceTree = "<group>"; };
		237865A922066AC800853EE3 /* MasterSectionFooterView.swift */ = {isa = PBXFileReference; lastKnownFileType = sourcecode.swift; path = MasterSectionFooterView.swift; sourceTree = "<group>"; };
		237865AB220671EE00853EE3 /* InformationSmallRowView.swift */ = {isa = PBXFileReference; lastKnownFileType = sourcecode.swift; path = InformationSmallRowView.swift; sourceTree = "<group>"; };
		237865AF2207384A00853EE3 /* MeteoriteDataURLFactory.swift */ = {isa = PBXFileReference; lastKnownFileType = sourcecode.swift; path = MeteoriteDataURLFactory.swift; sourceTree = "<group>"; };
		2384C6122201D3D7005CDE9D /* AppStarter.swift */ = {isa = PBXFileReference; lastKnownFileType = sourcecode.swift; path = AppStarter.swift; sourceTree = "<group>"; };
		2384C6142201D944005CDE9D /* DetailView.swift */ = {isa = PBXFileReference; lastKnownFileType = sourcecode.swift; path = DetailView.swift; sourceTree = "<group>"; };
		2384C6172201E3A2005CDE9D /* Talula.xcdatamodel */ = {isa = PBXFileReference; lastKnownFileType = wrapper.xcdatamodel; path = Talula.xcdatamodel; sourceTree = "<group>"; };
		2384C6192201E42F005CDE9D /* MeteoriteStorage.swift */ = {isa = PBXFileReference; lastKnownFileType = sourcecode.swift; path = MeteoriteStorage.swift; sourceTree = "<group>"; };
		23C8D9C8220225780000B4FD /* SourceDataDownloader.swift */ = {isa = PBXFileReference; lastKnownFileType = sourcecode.swift; path = SourceDataDownloader.swift; sourceTree = "<group>"; };
		23C8D9CA220226C30000B4FD /* SourceDataSync.swift */ = {isa = PBXFileReference; lastKnownFileType = sourcecode.swift; path = SourceDataSync.swift; sourceTree = "<group>"; };
		23C8D9CC220246DD0000B4FD /* CoreDataContainer.swift */ = {isa = PBXFileReference; lastKnownFileType = sourcecode.swift; path = CoreDataContainer.swift; sourceTree = "<group>"; };
		23C8D9CE220343FE0000B4FD /* DataSync.swift */ = {isa = PBXFileReference; lastKnownFileType = sourcecode.swift; path = DataSync.swift; sourceTree = "<group>"; };
		2839A85C2062DF988D26CE8A /* Pods-TalulaTests.debug.xcconfig */ = {isa = PBXFileReference; includeInIndex = 1; lastKnownFileType = text.xcconfig; name = "Pods-TalulaTests.debug.xcconfig"; path = "Target Support Files/Pods-TalulaTests/Pods-TalulaTests.debug.xcconfig"; sourceTree = "<group>"; };
		77C6EBFC0310351F30C37981 /* Pods-Talula.debug.xcconfig */ = {isa = PBXFileReference; includeInIndex = 1; lastKnownFileType = text.xcconfig; name = "Pods-Talula.debug.xcconfig"; path = "Target Support Files/Pods-Talula/Pods-Talula.debug.xcconfig"; sourceTree = "<group>"; };
		C812E33CC1752583EC8BBFEE /* Pods-Talula.release.xcconfig */ = {isa = PBXFileReference; includeInIndex = 1; lastKnownFileType = text.xcconfig; name = "Pods-Talula.release.xcconfig"; path = "Target Support Files/Pods-Talula/Pods-Talula.release.xcconfig"; sourceTree = "<group>"; };
		D7171D1B861DE957A8F5532C /* Pods_TalulaTests.framework */ = {isa = PBXFileReference; explicitFileType = wrapper.framework; includeInIndex = 0; path = Pods_TalulaTests.framework; sourceTree = BUILT_PRODUCTS_DIR; };
		F2BDB717D655483852E269DC /* Pods-TalulaTests.release.xcconfig */ = {isa = PBXFileReference; includeInIndex = 1; lastKnownFileType = text.xcconfig; name = "Pods-TalulaTests.release.xcconfig"; path = "Target Support Files/Pods-TalulaTests/Pods-TalulaTests.release.xcconfig"; sourceTree = "<group>"; };
/* End PBXFileReference section */

/* Begin PBXFrameworksBuildPhase section */
		233409C52201A9B90030C269 /* Frameworks */ = {
			isa = PBXFrameworksBuildPhase;
			buildActionMask = 2147483647;
			files = (
				6B411A973E53A0D16870F23C /* Pods_Talula.framework in Frameworks */,
			);
			runOnlyForDeploymentPostprocessing = 0;
		};
		233409D92201A9BA0030C269 /* Frameworks */ = {
			isa = PBXFrameworksBuildPhase;
			buildActionMask = 2147483647;
			files = (
				D1073FC182EDD9FCBD7D5C4A /* Pods_TalulaTests.framework in Frameworks */,
			);
			runOnlyForDeploymentPostprocessing = 0;
		};
/* End PBXFrameworksBuildPhase section */

/* Begin PBXGroup section */
		233409BF2201A9B90030C269 = {
			isa = PBXGroup;
			children = (
				233409CA2201A9B90030C269 /* Talula */,
				233409DF2201A9BA0030C269 /* TalulaTests */,
				233409C92201A9B90030C269 /* Products */,
				816C3EDC43DB716F0ECD0875 /* Pods */,
				A7386FE0FE9343747424C915 /* Frameworks */,
			);
			sourceTree = "<group>";
		};
		233409C92201A9B90030C269 /* Products */ = {
			isa = PBXGroup;
			children = (
				233409C82201A9B90030C269 /* Talula.app */,
				233409DC2201A9BA0030C269 /* TalulaTests.xctest */,
			);
			name = Products;
			sourceTree = "<group>";
		};
		233409CA2201A9B90030C269 /* Talula */ = {
			isa = PBXGroup;
			children = (
				237362212207B9F50087C60D /* Podfile */,
				2378659A22062E7400853EE3 /* README.md */,
				237362232207BD060087C60D /* IconAuthors.txt */,
				233409CB2201A9B90030C269 /* AppDelegate.swift */,
				2384C6122201D3D7005CDE9D /* AppStarter.swift */,
				23C8D9CE220343FE0000B4FD /* DataSync.swift */,
				23C8D9CC220246DD0000B4FD /* CoreDataContainer.swift */,
				2321F9D42201B667005A5000 /* Constants.swift */,
				2321F9C82201AC61005A5000 /* BaseView.swift */,
				233409D42201A9BA0030C269 /* LaunchScreen.storyboard */,
				237865962206009D00853EE3 /* Assets.xcassets */,
				233409D72201A9BA0030C269 /* Info.plist */,
				2384C6102201CA33005CDE9D /* Master */,
				2384C6112201CA3D005CDE9D /* Detail */,
				237865A222065E8A00853EE3 /* About */,
				2384C61F2201E528005CDE9D /* Storage */,
			);
			path = Talula;
			sourceTree = "<group>";
		};
		233409DF2201A9BA0030C269 /* TalulaTests */ = {
			isa = PBXGroup;
			children = (
				233409E02201A9BA0030C269 /* TalulaTests.swift */,
				233409E22201A9BA0030C269 /* Info.plist */,
			);
			path = TalulaTests;
			sourceTree = "<group>";
		};
		237865A222065E8A00853EE3 /* About */ = {
			isa = PBXGroup;
			children = (
				2378659E22065E7000853EE3 /* InformationViewController.swift */,
				237865A022065E7F00853EE3 /* InformationView.swift */,
				237865A52206621800853EE3 /* InformationIconsStackView.swift */,
				237865A72206622700853EE3 /* InformationContactStackView.swift */,
				237865A322065FA700853EE3 /* InformationBigRowView.swift */,
				237865AB220671EE00853EE3 /* InformationSmallRowView.swift */,
			);
			path = About;
			sourceTree = "<group>";
		};
		2384C6102201CA33005CDE9D /* Master */ = {
			isa = PBXGroup;
			children = (
				2321F9CC2201ACAC005A5000 /* MasterViewController.swift */,
				2321F9CE2201B00E005A5000 /* MasterView.swift */,
				2321F9D02201B0A2005A5000 /* MasterDelegateDataSource.swift */,
				237865A922066AC800853EE3 /* MasterSectionFooterView.swift */,
				2321F9D22201B2FF005A5000 /* MasterCell.swift */,
			);
			path = Master;
			sourceTree = "<group>";
		};
		2384C6112201CA3D005CDE9D /* Detail */ = {
			isa = PBXGroup;
			children = (
				233409CD2201A9B90030C269 /* DetailViewController.swift */,
				2384C6142201D944005CDE9D /* DetailView.swift */,
			);
			path = Detail;
			sourceTree = "<group>";
		};
		2384C61F2201E528005CDE9D /* Storage */ = {
			isa = PBXGroup;
			children = (
				2304FA0D2201EC8000285E27 /* Meteorite+CoreDataClass.swift */,
				2304FA0E2201EC8000285E27 /* Meteorite+CoreDataProperties.swift */,
				2384C6162201E3A2005CDE9D /* Talula.xcdatamodeld */,
				2384C6192201E42F005CDE9D /* MeteoriteStorage.swift */,
				23C8D9CA220226C30000B4FD /* SourceDataSync.swift */,
				23C8D9C8220225780000B4FD /* SourceDataDownloader.swift */,
				237865AF2207384A00853EE3 /* MeteoriteDataURLFactory.swift */,
			);
			path = Storage;
			sourceTree = "<group>";
		};
		816C3EDC43DB716F0ECD0875 /* Pods */ = {
			isa = PBXGroup;
			children = (
				77C6EBFC0310351F30C37981 /* Pods-Talula.debug.xcconfig */,
				C812E33CC1752583EC8BBFEE /* Pods-Talula.release.xcconfig */,
				2839A85C2062DF988D26CE8A /* Pods-TalulaTests.debug.xcconfig */,
				F2BDB717D655483852E269DC /* Pods-TalulaTests.release.xcconfig */,
			);
			path = Pods;
			sourceTree = "<group>";
		};
		A7386FE0FE9343747424C915 /* Frameworks */ = {
			isa = PBXGroup;
			children = (
				005BDD46A75274AAC9D5D612 /* Pods_Talula.framework */,
				D7171D1B861DE957A8F5532C /* Pods_TalulaTests.framework */,
			);
			name = Frameworks;
			sourceTree = "<group>";
		};
/* End PBXGroup section */

/* Begin PBXNativeTarget section */
		233409C72201A9B90030C269 /* Talula */ = {
			isa = PBXNativeTarget;
			buildConfigurationList = 233409E52201A9BA0030C269 /* Build configuration list for PBXNativeTarget "Talula" */;
			buildPhases = (
				CB0F89372287336A6553EADF /* [CP] Check Pods Manifest.lock */,
				233409C42201A9B90030C269 /* Sources */,
				233409C52201A9B90030C269 /* Frameworks */,
				233409C62201A9B90030C269 /* Resources */,
				9BC9C09FDEDD7BC2FD8C7F19 /* [CP] Embed Pods Frameworks */,
			);
			buildRules = (
			);
			dependencies = (
			);
			name = Talula;
			productName = Talula;
			productReference = 233409C82201A9B90030C269 /* Talula.app */;
			productType = "com.apple.product-type.application";
		};
		233409DB2201A9BA0030C269 /* TalulaTests */ = {
			isa = PBXNativeTarget;
			buildConfigurationList = 233409E82201A9BA0030C269 /* Build configuration list for PBXNativeTarget "TalulaTests" */;
			buildPhases = (
				76F37864D5198E816692F507 /* [CP] Check Pods Manifest.lock */,
				233409D82201A9BA0030C269 /* Sources */,
				233409D92201A9BA0030C269 /* Frameworks */,
				233409DA2201A9BA0030C269 /* Resources */,
			);
			buildRules = (
			);
			dependencies = (
				233409DE2201A9BA0030C269 /* PBXTargetDependency */,
			);
			name = TalulaTests;
			productName = TalulaTests;
			productReference = 233409DC2201A9BA0030C269 /* TalulaTests.xctest */;
			productType = "com.apple.product-type.bundle.unit-test";
		};
/* End PBXNativeTarget section */

/* Begin PBXProject section */
		233409C02201A9B90030C269 /* Project object */ = {
			isa = PBXProject;
			attributes = {
				LastSwiftUpdateCheck = 1010;
				LastUpgradeCheck = 1010;
				ORGANIZATIONNAME = "Diana Brnovik";
				TargetAttributes = {
					233409C72201A9B90030C269 = {
						CreatedOnToolsVersion = 10.1;
						SystemCapabilities = {
							com.apple.BackgroundModes = {
								enabled = 1;
							};
						};
					};
					233409DB2201A9BA0030C269 = {
						CreatedOnToolsVersion = 10.1;
						TestTargetID = 233409C72201A9B90030C269;
					};
				};
			};
			buildConfigurationList = 233409C32201A9B90030C269 /* Build configuration list for PBXProject "Talula" */;
			compatibilityVersion = "Xcode 9.3";
			developmentRegion = en;
			hasScannedForEncodings = 0;
			knownRegions = (
				en,
				Base,
			);
			mainGroup = 233409BF2201A9B90030C269;
			productRefGroup = 233409C92201A9B90030C269 /* Products */;
			projectDirPath = "";
			projectRoot = "";
			targets = (
				233409C72201A9B90030C269 /* Talula */,
				233409DB2201A9BA0030C269 /* TalulaTests */,
			);
		};
/* End PBXProject section */

/* Begin PBXResourcesBuildPhase section */
		233409C62201A9B90030C269 /* Resources */ = {
			isa = PBXResourcesBuildPhase;
			buildActionMask = 2147483647;
			files = (
				2378659B22062E7500853EE3 /* README.md in Resources */,
				237865972206009D00853EE3 /* Assets.xcassets in Resources */,
				237362242207BD060087C60D /* IconAuthors.txt in Resources */,
				237362222207B9F50087C60D /* Podfile in Resources */,
				233409D62201A9BA0030C269 /* LaunchScreen.storyboard in Resources */,
			);
			runOnlyForDeploymentPostprocessing = 0;
		};
		233409DA2201A9BA0030C269 /* Resources */ = {
			isa = PBXResourcesBuildPhase;
			buildActionMask = 2147483647;
			files = (
			);
			runOnlyForDeploymentPostprocessing = 0;
		};
/* End PBXResourcesBuildPhase section */

/* Begin PBXShellScriptBuildPhase section */
		76F37864D5198E816692F507 /* [CP] Check Pods Manifest.lock */ = {
			isa = PBXShellScriptBuildPhase;
			buildActionMask = 2147483647;
			files = (
			);
			inputFileListPaths = (
			);
			inputPaths = (
				"${PODS_PODFILE_DIR_PATH}/Podfile.lock",
				"${PODS_ROOT}/Manifest.lock",
			);
			name = "[CP] Check Pods Manifest.lock";
			outputFileListPaths = (
			);
			outputPaths = (
				"$(DERIVED_FILE_DIR)/Pods-TalulaTests-checkManifestLockResult.txt",
			);
			runOnlyForDeploymentPostprocessing = 0;
			shellPath = /bin/sh;
			shellScript = "diff \"${PODS_PODFILE_DIR_PATH}/Podfile.lock\" \"${PODS_ROOT}/Manifest.lock\" > /dev/null\nif [ $? != 0 ] ; then\n    # print error to STDERR\n    echo \"error: The sandbox is not in sync with the Podfile.lock. Run 'pod install' or update your CocoaPods installation.\" >&2\n    exit 1\nfi\n# This output is used by Xcode 'outputs' to avoid re-running this script phase.\necho \"SUCCESS\" > \"${SCRIPT_OUTPUT_FILE_0}\"\n";
			showEnvVarsInLog = 0;
		};
		9BC9C09FDEDD7BC2FD8C7F19 /* [CP] Embed Pods Frameworks */ = {
			isa = PBXShellScriptBuildPhase;
			buildActionMask = 2147483647;
			files = (
			);
			inputFileListPaths = (
			);
			inputPaths = (
				"${PODS_ROOT}/Target Support Files/Pods-Talula/Pods-Talula-frameworks.sh",
				"${BUILT_PRODUCTS_DIR}/SnapKit/SnapKit.framework",
			);
			name = "[CP] Embed Pods Frameworks";
			outputFileListPaths = (
			);
			outputPaths = (
				"${TARGET_BUILD_DIR}/${FRAMEWORKS_FOLDER_PATH}/SnapKit.framework",
			);
			runOnlyForDeploymentPostprocessing = 0;
			shellPath = /bin/sh;
			shellScript = "\"${PODS_ROOT}/Target Support Files/Pods-Talula/Pods-Talula-frameworks.sh\"\n";
			showEnvVarsInLog = 0;
		};
		CB0F89372287336A6553EADF /* [CP] Check Pods Manifest.lock */ = {
			isa = PBXShellScriptBuildPhase;
			buildActionMask = 2147483647;
			files = (
			);
			inputFileListPaths = (
			);
			inputPaths = (
				"${PODS_PODFILE_DIR_PATH}/Podfile.lock",
				"${PODS_ROOT}/Manifest.lock",
			);
			name = "[CP] Check Pods Manifest.lock";
			outputFileListPaths = (
			);
			outputPaths = (
				"$(DERIVED_FILE_DIR)/Pods-Talula-checkManifestLockResult.txt",
			);
			runOnlyForDeploymentPostprocessing = 0;
			shellPath = /bin/sh;
			shellScript = "diff \"${PODS_PODFILE_DIR_PATH}/Podfile.lock\" \"${PODS_ROOT}/Manifest.lock\" > /dev/null\nif [ $? != 0 ] ; then\n    # print error to STDERR\n    echo \"error: The sandbox is not in sync with the Podfile.lock. Run 'pod install' or update your CocoaPods installation.\" >&2\n    exit 1\nfi\n# This output is used by Xcode 'outputs' to avoid re-running this script phase.\necho \"SUCCESS\" > \"${SCRIPT_OUTPUT_FILE_0}\"\n";
			showEnvVarsInLog = 0;
		};
/* End PBXShellScriptBuildPhase section */

/* Begin PBXSourcesBuildPhase section */
		233409C42201A9B90030C269 /* Sources */ = {
			isa = PBXSourcesBuildPhase;
			buildActionMask = 2147483647;
			files = (
				237865AC220671EE00853EE3 /* InformationSmallRowView.swift in Sources */,
				23C8D9CF220343FE0000B4FD /* DataSync.swift in Sources */,
				23C8D9CD220246DE0000B4FD /* CoreDataContainer.swift in Sources */,
				2321F9CD2201ACAC005A5000 /* MasterViewController.swift in Sources */,
				2384C61A2201E42F005CDE9D /* MeteoriteStorage.swift in Sources */,
				2321F9C92201AC61005A5000 /* BaseView.swift in Sources */,
				237865A122065E7F00853EE3 /* InformationView.swift in Sources */,
				2384C6182201E3A2005CDE9D /* Talula.xcdatamodeld in Sources */,
				2321F9D32201B2FF005A5000 /* MasterCell.swift in Sources */,
				237865B02207384A00853EE3 /* MeteoriteDataURLFactory.swift in Sources */,
				237865A82206622700853EE3 /* InformationContactStackView.swift in Sources */,
				233409CE2201A9B90030C269 /* DetailViewController.swift in Sources */,
				23C8D9C9220225780000B4FD /* SourceDataDownloader.swift in Sources */,
				23C8D9CB220226C30000B4FD /* SourceDataSync.swift in Sources */,
				2321F9CF2201B00E005A5000 /* MasterView.swift in Sources */,
				2384C6152201D944005CDE9D /* DetailView.swift in Sources */,
				2378659F22065E7000853EE3 /* InformationViewController.swift in Sources */,
				2304FA102201EC8000285E27 /* Meteorite+CoreDataProperties.swift in Sources */,
				2384C6132201D3D7005CDE9D /* AppStarter.swift in Sources */,
				2304FA0F2201EC8000285E27 /* Meteorite+CoreDataClass.swift in Sources */,
				233409CC2201A9B90030C269 /* AppDelegate.swift in Sources */,
				237865AA22066AC800853EE3 /* MasterSectionFooterView.swift in Sources */,
				237865A422065FA700853EE3 /* InformationBigRowView.swift in Sources */,
				2321F9D12201B0A2005A5000 /* MasterDelegateDataSource.swift in Sources */,
				237865A62206621800853EE3 /* InformationIconsStackView.swift in Sources */,
				2321F9D52201B667005A5000 /* Constants.swift in Sources */,
			);
			runOnlyForDeploymentPostprocessing = 0;
		};
		233409D82201A9BA0030C269 /* Sources */ = {
			isa = PBXSourcesBuildPhase;
			buildActionMask = 2147483647;
			files = (
				233409E12201A9BA0030C269 /* TalulaTests.swift in Sources */,
			);
			runOnlyForDeploymentPostprocessing = 0;
		};
/* End PBXSourcesBuildPhase section */

/* Begin PBXTargetDependency section */
		233409DE2201A9BA0030C269 /* PBXTargetDependency */ = {
			isa = PBXTargetDependency;
			target = 233409C72201A9B90030C269 /* Talula */;
			targetProxy = 233409DD2201A9BA0030C269 /* PBXContainerItemProxy */;
		};
/* End PBXTargetDependency section */

/* Begin PBXVariantGroup section */
		233409D42201A9BA0030C269 /* LaunchScreen.storyboard */ = {
			isa = PBXVariantGroup;
			children = (
				233409D52201A9BA0030C269 /* Base */,
			);
			name = LaunchScreen.storyboard;
			sourceTree = "<group>";
		};
/* End PBXVariantGroup section */

/* Begin XCBuildConfiguration section */
		233409E32201A9BA0030C269 /* Debug */ = {
			isa = XCBuildConfiguration;
			buildSettings = {
				ALWAYS_SEARCH_USER_PATHS = NO;
				CLANG_ANALYZER_NONNULL = YES;
				CLANG_ANALYZER_NUMBER_OBJECT_CONVERSION = YES_AGGRESSIVE;
				CLANG_CXX_LANGUAGE_STANDARD = "gnu++14";
				CLANG_CXX_LIBRARY = "libc++";
				CLANG_ENABLE_MODULES = YES;
				CLANG_ENABLE_OBJC_ARC = YES;
				CLANG_ENABLE_OBJC_WEAK = YES;
				CLANG_WARN_BLOCK_CAPTURE_AUTORELEASING = YES;
				CLANG_WARN_BOOL_CONVERSION = YES;
				CLANG_WARN_COMMA = YES;
				CLANG_WARN_CONSTANT_CONVERSION = YES;
				CLANG_WARN_DEPRECATED_OBJC_IMPLEMENTATIONS = YES;
				CLANG_WARN_DIRECT_OBJC_ISA_USAGE = YES_ERROR;
				CLANG_WARN_DOCUMENTATION_COMMENTS = YES;
				CLANG_WARN_EMPTY_BODY = YES;
				CLANG_WARN_ENUM_CONVERSION = YES;
				CLANG_WARN_INFINITE_RECURSION = YES;
				CLANG_WARN_INT_CONVERSION = YES;
				CLANG_WARN_NON_LITERAL_NULL_CONVERSION = YES;
				CLANG_WARN_OBJC_IMPLICIT_RETAIN_SELF = YES;
				CLANG_WARN_OBJC_LITERAL_CONVERSION = YES;
				CLANG_WARN_OBJC_ROOT_CLASS = YES_ERROR;
				CLANG_WARN_RANGE_LOOP_ANALYSIS = YES;
				CLANG_WARN_STRICT_PROTOTYPES = YES;
				CLANG_WARN_SUSPICIOUS_MOVE = YES;
				CLANG_WARN_UNGUARDED_AVAILABILITY = YES_AGGRESSIVE;
				CLANG_WARN_UNREACHABLE_CODE = YES;
				CLANG_WARN__DUPLICATE_METHOD_MATCH = YES;
				CODE_SIGN_IDENTITY = "iPhone Developer";
				COPY_PHASE_STRIP = NO;
				DEBUG_INFORMATION_FORMAT = dwarf;
				ENABLE_STRICT_OBJC_MSGSEND = YES;
				ENABLE_TESTABILITY = YES;
				GCC_C_LANGUAGE_STANDARD = gnu11;
				GCC_DYNAMIC_NO_PIC = NO;
				GCC_NO_COMMON_BLOCKS = YES;
				GCC_OPTIMIZATION_LEVEL = 0;
				GCC_PREPROCESSOR_DEFINITIONS = (
					"DEBUG=1",
					"$(inherited)",
				);
				GCC_WARN_64_TO_32_BIT_CONVERSION = YES;
				GCC_WARN_ABOUT_RETURN_TYPE = YES_ERROR;
				GCC_WARN_UNDECLARED_SELECTOR = YES;
				GCC_WARN_UNINITIALIZED_AUTOS = YES_AGGRESSIVE;
				GCC_WARN_UNUSED_FUNCTION = YES;
				GCC_WARN_UNUSED_VARIABLE = YES;
				IPHONEOS_DEPLOYMENT_TARGET = 12.1;
				MTL_ENABLE_DEBUG_INFO = INCLUDE_SOURCE;
				MTL_FAST_MATH = YES;
				ONLY_ACTIVE_ARCH = YES;
				SDKROOT = iphoneos;
				SWIFT_ACTIVE_COMPILATION_CONDITIONS = DEBUG;
				SWIFT_OPTIMIZATION_LEVEL = "-Onone";
			};
			name = Debug;
		};
		233409E42201A9BA0030C269 /* Release */ = {
			isa = XCBuildConfiguration;
			buildSettings = {
				ALWAYS_SEARCH_USER_PATHS = NO;
				CLANG_ANALYZER_NONNULL = YES;
				CLANG_ANALYZER_NUMBER_OBJECT_CONVERSION = YES_AGGRESSIVE;
				CLANG_CXX_LANGUAGE_STANDARD = "gnu++14";
				CLANG_CXX_LIBRARY = "libc++";
				CLANG_ENABLE_MODULES = YES;
				CLANG_ENABLE_OBJC_ARC = YES;
				CLANG_ENABLE_OBJC_WEAK = YES;
				CLANG_WARN_BLOCK_CAPTURE_AUTORELEASING = YES;
				CLANG_WARN_BOOL_CONVERSION = YES;
				CLANG_WARN_COMMA = YES;
				CLANG_WARN_CONSTANT_CONVERSION = YES;
				CLANG_WARN_DEPRECATED_OBJC_IMPLEMENTATIONS = YES;
				CLANG_WARN_DIRECT_OBJC_ISA_USAGE = YES_ERROR;
				CLANG_WARN_DOCUMENTATION_COMMENTS = YES;
				CLANG_WARN_EMPTY_BODY = YES;
				CLANG_WARN_ENUM_CONVERSION = YES;
				CLANG_WARN_INFINITE_RECURSION = YES;
				CLANG_WARN_INT_CONVERSION = YES;
				CLANG_WARN_NON_LITERAL_NULL_CONVERSION = YES;
				CLANG_WARN_OBJC_IMPLICIT_RETAIN_SELF = YES;
				CLANG_WARN_OBJC_LITERAL_CONVERSION = YES;
				CLANG_WARN_OBJC_ROOT_CLASS = YES_ERROR;
				CLANG_WARN_RANGE_LOOP_ANALYSIS = YES;
				CLANG_WARN_STRICT_PROTOTYPES = YES;
				CLANG_WARN_SUSPICIOUS_MOVE = YES;
				CLANG_WARN_UNGUARDED_AVAILABILITY = YES_AGGRESSIVE;
				CLANG_WARN_UNREACHABLE_CODE = YES;
				CLANG_WARN__DUPLICATE_METHOD_MATCH = YES;
				CODE_SIGN_IDENTITY = "iPhone Developer";
				COPY_PHASE_STRIP = NO;
				DEBUG_INFORMATION_FORMAT = "dwarf-with-dsym";
				ENABLE_NS_ASSERTIONS = NO;
				ENABLE_STRICT_OBJC_MSGSEND = YES;
				GCC_C_LANGUAGE_STANDARD = gnu11;
				GCC_NO_COMMON_BLOCKS = YES;
				GCC_WARN_64_TO_32_BIT_CONVERSION = YES;
				GCC_WARN_ABOUT_RETURN_TYPE = YES_ERROR;
				GCC_WARN_UNDECLARED_SELECTOR = YES;
				GCC_WARN_UNINITIALIZED_AUTOS = YES_AGGRESSIVE;
				GCC_WARN_UNUSED_FUNCTION = YES;
				GCC_WARN_UNUSED_VARIABLE = YES;
				IPHONEOS_DEPLOYMENT_TARGET = 12.1;
				MTL_ENABLE_DEBUG_INFO = NO;
				MTL_FAST_MATH = YES;
				SDKROOT = iphoneos;
				SWIFT_COMPILATION_MODE = wholemodule;
				SWIFT_OPTIMIZATION_LEVEL = "-O";
				VALIDATE_PRODUCT = YES;
			};
			name = Release;
		};
		233409E62201A9BA0030C269 /* Debug */ = {
			isa = XCBuildConfiguration;
			baseConfigurationReference = 77C6EBFC0310351F30C37981 /* Pods-Talula.debug.xcconfig */;
			buildSettings = {
				ASSETCATALOG_COMPILER_APPICON_NAME = AppIcon;
				CODE_SIGN_STYLE = Automatic;
				DEVELOPMENT_TEAM = 8UAN795U56;
				INFOPLIST_FILE = Talula/Info.plist;
				LD_RUNPATH_SEARCH_PATHS = (
					"$(inherited)",
					"@executable_path/Frameworks",
				);
				PRODUCT_BUNDLE_IDENTIFIER = sk.brnovik.app.Talula;
				PRODUCT_NAME = "$(TARGET_NAME)";
				SWIFT_VERSION = 4.2;
				TARGETED_DEVICE_FAMILY = "1,2";
			};
			name = Debug;
		};
		233409E72201A9BA0030C269 /* Release */ = {
			isa = XCBuildConfiguration;
			baseConfigurationReference = C812E33CC1752583EC8BBFEE /* Pods-Talula.release.xcconfig */;
			buildSettings = {
				ASSETCATALOG_COMPILER_APPICON_NAME = AppIcon;
				CODE_SIGN_STYLE = Automatic;
				DEVELOPMENT_TEAM = 8UAN795U56;
				INFOPLIST_FILE = Talula/Info.plist;
				LD_RUNPATH_SEARCH_PATHS = (
					"$(inherited)",
					"@executable_path/Frameworks",
				);
				PRODUCT_BUNDLE_IDENTIFIER = sk.brnovik.app.Talula;
				PRODUCT_NAME = "$(TARGET_NAME)";
				SWIFT_VERSION = 4.2;
				TARGETED_DEVICE_FAMILY = "1,2";
			};
			name = Release;
		};
		233409E92201A9BA0030C269 /* Debug */ = {
			isa = XCBuildConfiguration;
			baseConfigurationReference = 2839A85C2062DF988D26CE8A /* Pods-TalulaTests.debug.xcconfig */;
			buildSettings = {
				ALWAYS_EMBED_SWIFT_STANDARD_LIBRARIES = YES;
				BUNDLE_LOADER = "$(TEST_HOST)";
				CODE_SIGN_STYLE = Automatic;
				DEVELOPMENT_TEAM = 8UAN795U56;
				INFOPLIST_FILE = TalulaTests/Info.plist;
				LD_RUNPATH_SEARCH_PATHS = (
					"$(inherited)",
					"@executable_path/Frameworks",
					"@loader_path/Frameworks",
				);
				PRODUCT_BUNDLE_IDENTIFIER = sk.brnovik.app.TalulaTests;
				PRODUCT_NAME = "$(TARGET_NAME)";
				SWIFT_VERSION = 4.2;
				TARGETED_DEVICE_FAMILY = "1,2";
				TEST_HOST = "$(BUILT_PRODUCTS_DIR)/Talula.app/Talula";
			};
			name = Debug;
		};
		233409EA2201A9BA0030C269 /* Release */ = {
			isa = XCBuildConfiguration;
			baseConfigurationReference = F2BDB717D655483852E269DC /* Pods-TalulaTests.release.xcconfig */;
			buildSettings = {
				ALWAYS_EMBED_SWIFT_STANDARD_LIBRARIES = YES;
				BUNDLE_LOADER = "$(TEST_HOST)";
				CODE_SIGN_STYLE = Automatic;
				DEVELOPMENT_TEAM = 8UAN795U56;
				INFOPLIST_FILE = TalulaTests/Info.plist;
				LD_RUNPATH_SEARCH_PATHS = (
					"$(inherited)",
					"@executable_path/Frameworks",
					"@loader_path/Frameworks",
				);
				PRODUCT_BUNDLE_IDENTIFIER = sk.brnovik.app.TalulaTests;
				PRODUCT_NAME = "$(TARGET_NAME)";
				SWIFT_VERSION = 4.2;
				TARGETED_DEVICE_FAMILY = "1,2";
				TEST_HOST = "$(BUILT_PRODUCTS_DIR)/Talula.app/Talula";
			};
			name = Release;
		};
/* End XCBuildConfiguration section */

/* Begin XCConfigurationList section */
		233409C32201A9B90030C269 /* Build configuration list for PBXProject "Talula" */ = {
			isa = XCConfigurationList;
			buildConfigurations = (
				233409E32201A9BA0030C269 /* Debug */,
				233409E42201A9BA0030C269 /* Release */,
			);
			defaultConfigurationIsVisible = 0;
			defaultConfigurationName = Release;
		};
		233409E52201A9BA0030C269 /* Build configuration list for PBXNativeTarget "Talula" */ = {
			isa = XCConfigurationList;
			buildConfigurations = (
				233409E62201A9BA0030C269 /* Debug */,
				233409E72201A9BA0030C269 /* Release */,
			);
			defaultConfigurationIsVisible = 0;
			defaultConfigurationName = Release;
		};
		233409E82201A9BA0030C269 /* Build configuration list for PBXNativeTarget "TalulaTests" */ = {
			isa = XCConfigurationList;
			buildConfigurations = (
				233409E92201A9BA0030C269 /* Debug */,
				233409EA2201A9BA0030C269 /* Release */,
			);
			defaultConfigurationIsVisible = 0;
			defaultConfigurationName = Release;
		};
/* End XCConfigurationList section */

/* Begin XCVersionGroup section */
		2384C6162201E3A2005CDE9D /* Talula.xcdatamodeld */ = {
			isa = XCVersionGroup;
			children = (
				2384C6172201E3A2005CDE9D /* Talula.xcdatamodel */,
			);
			currentVersion = 2384C6172201E3A2005CDE9D /* Talula.xcdatamodel */;
			path = Talula.xcdatamodeld;
			sourceTree = "<group>";
			versionGroupType = wrapper.xcdatamodel;
		};
/* End XCVersionGroup section */
	};
	rootObject = 233409C02201A9B90030C269 /* Project object */;
}
